
Microsoft Visual Studio Solution File, Format Version 12.00
# Visual Studio 15
VisualStudioVersion = 15.0.27703.2035
MinimumVisualStudioVersion = 10.0.40219.1
Project("{FAE04EC0-301F-11D3-BF4B-00C04F79EFBC}") = "duck game", "duck game\duck game.csproj", "{9682C09C-45D6-495D-A01B-F8950C7B401C}"
EndProject
Global
	GlobalSection(SolutionConfigurationPlatforms) = preSolution
		Debug|Any CPU = Debug|Any CPU
		Release|Any CPU = Release|Any CPU
	EndGlobalSection
	GlobalSection(ProjectConfigurationPlatforms) = postSolution
		{9682C09C-45D6-495D-A01B-F8950C7B401C}.Debug|Any CPU.ActiveCfg = Debug|Any CPU
		{9682C09C-45D6-495D-A01B-F8950C7B401C}.Debug|Any CPU.Build.0 = Debug|Any CPU
		{9682C09C-45D6-495D-A01B-F8950C7B401C}.Release|Any CPU.ActiveCfg = Release|Any CPU
		{9682C09C-45D6-495D-A01B-F8950C7B401C}.Release|Any CPU.Build.0 = Release|Any CPU
	EndGlobalSection
	GlobalSection(SolutionProperties) = preSolution
		HideSolutionNode = FALSE
	EndGlobalSection
	GlobalSection(ExtensibilityGlobals) = postSolution
		SolutionGuid = {FDB35D56-B711-4C1A-BC25-A7D2EBF1603D}
	EndGlobalSection
EndGlobal
